// !$*UTF8*$!
{
	archiveVersion = 1;
	classes = {
	};
	objectVersion = 46;
	objects = {

/* Begin PBXBuildFile section */
		3504D3B51FC5EDCE005BE683 /* Profile.swift in Sources */ = {isa = PBXBuildFile; fileRef = 3504D3B41FC5EDCE005BE683 /* Profile.swift */; };
		352D63B11FDC0B40005B8ED4 /* Authenticate.swift in Sources */ = {isa = PBXBuildFile; fileRef = 352D63B01FDC0B40005B8ED4 /* Authenticate.swift */; };
		352D63B51FDC181A005B8ED4 /* LaunchScreen.storyboard in Resources */ = {isa = PBXBuildFile; fileRef = 352D63B21FDC1819005B8ED4 /* LaunchScreen.storyboard */; };
		352D63B61FDC181A005B8ED4 /* Login.storyboard in Resources */ = {isa = PBXBuildFile; fileRef = 352D63B31FDC181A005B8ED4 /* Login.storyboard */; };
		352D63B71FDC181A005B8ED4 /* Main.storyboard in Resources */ = {isa = PBXBuildFile; fileRef = 352D63B41FDC181A005B8ED4 /* Main.storyboard */; };
		352D63BD1FDC1D1A005B8ED4 /* LoginViewController.swift in Sources */ = {isa = PBXBuildFile; fileRef = 352D63BC1FDC1D1A005B8ED4 /* LoginViewController.swift */; };
		352D63BE1FDC1F3D005B8ED4 /* LoginViewController.swift in Sources */ = {isa = PBXBuildFile; fileRef = 352D63BC1FDC1D1A005B8ED4 /* LoginViewController.swift */; };
		352D63BF1FDC1F3D005B8ED4 /* LoginViewController.swift in Sources */ = {isa = PBXBuildFile; fileRef = 352D63BC1FDC1D1A005B8ED4 /* LoginViewController.swift */; };
		358271751FC7255100C313B1 /* Helpers.swift in Sources */ = {isa = PBXBuildFile; fileRef = 358271741FC7255100C313B1 /* Helpers.swift */; };
		359DB7CB1FC85E5800E57DC1 /* ProfileViewController.swift in Sources */ = {isa = PBXBuildFile; fileRef = 359DB7CA1FC85E5800E57DC1 /* ProfileViewController.swift */; };
		35CCC4201FD6A13F00A42295 /* GoogleService-Info.plist in Resources */ = {isa = PBXBuildFile; fileRef = 35CCC41F1FD6A13F00A42295 /* GoogleService-Info.plist */; };
		58421428837B27FDC75B0291 /* Pods_QuizNWalk.framework in Frameworks */ = {isa = PBXBuildFile; fileRef = 8A30A06A26DFD686CC25D347 /* Pods_QuizNWalk.framework */; };
		7207F2441E6EB08800418ED0 /* AppDelegate.swift in Sources */ = {isa = PBXBuildFile; fileRef = 7207F2431E6EB08800418ED0 /* AppDelegate.swift */; };
		7207F24B1E6EB08800418ED0 /* Assets.xcassets in Resources */ = {isa = PBXBuildFile; fileRef = 7207F24A1E6EB08800418ED0 /* Assets.xcassets */; };
		7207F2591E6EB08800418ED0 /* QuizNWalkTests.swift in Sources */ = {isa = PBXBuildFile; fileRef = 7207F2581E6EB08800418ED0 /* QuizNWalkTests.swift */; };
		7207F2641E6EB08800418ED0 /* QuizNWalkUITests.swift in Sources */ = {isa = PBXBuildFile; fileRef = 7207F2631E6EB08800418ED0 /* QuizNWalkUITests.swift */; };
		7207F2721E6ED71D00418ED0 /* MenuViewController.swift in Sources */ = {isa = PBXBuildFile; fileRef = 7207F2711E6ED71D00418ED0 /* MenuViewController.swift */; };
		7207F2741E6ED7D700418ED0 /* GameViewController.swift in Sources */ = {isa = PBXBuildFile; fileRef = 7207F2731E6ED7D700418ED0 /* GameViewController.swift */; };
		7207F2781E6EE28C00418ED0 /* AboutViewController.swift in Sources */ = {isa = PBXBuildFile; fileRef = 7207F2771E6EE28C00418ED0 /* AboutViewController.swift */; };
		72128FF91E744F8F00AA8720 /* SetupGameViewController.swift in Sources */ = {isa = PBXBuildFile; fileRef = 72128FF81E744F8F00AA8720 /* SetupGameViewController.swift */; };
		72336FF51E7C52DA003A9EFD /* EndGameViewController.swift in Sources */ = {isa = PBXBuildFile; fileRef = 72336FF41E7C52DA003A9EFD /* EndGameViewController.swift */; };
		72FC36531E76C7250057D6AA /* GameGetter.swift in Sources */ = {isa = PBXBuildFile; fileRef = 72FC36521E76C7250057D6AA /* GameGetter.swift */; };
		72FEAEAD1E6F3A56008C379E /* GameModel.swift in Sources */ = {isa = PBXBuildFile; fileRef = 72FEAEAC1E6F3A56008C379E /* GameModel.swift */; };
		72FEAEAF1E6F3B01008C379E /* QuestionModel.swift in Sources */ = {isa = PBXBuildFile; fileRef = 72FEAEAE1E6F3B01008C379E /* QuestionModel.swift */; };
		72FFE9F11E75E297001DF08B /* MapKit.framework in Frameworks */ = {isa = PBXBuildFile; fileRef = 72FFE9F01E75E297001DF08B /* MapKit.framework */; };
		82A3BECACD5A803E05565394 /* Pods_QuizNWalkTests.framework in Frameworks */ = {isa = PBXBuildFile; fileRef = 07D15CD1495470CAE1D766AB /* Pods_QuizNWalkTests.framework */; };
		8A90734C04CF2564CC41A65D /* Pods_QuizNWalkUITests.framework in Frameworks */ = {isa = PBXBuildFile; fileRef = 43DD82A4BB57978A77FED851 /* Pods_QuizNWalkUITests.framework */; };
/* End PBXBuildFile section */

/* Begin PBXContainerItemProxy section */
		7207F2551E6EB08800418ED0 /* PBXContainerItemProxy */ = {
			isa = PBXContainerItemProxy;
			containerPortal = 7207F2381E6EB08800418ED0 /* Project object */;
			proxyType = 1;
			remoteGlobalIDString = 7207F23F1E6EB08800418ED0;
			remoteInfo = QuizNWalk;
		};
		7207F2601E6EB08800418ED0 /* PBXContainerItemProxy */ = {
			isa = PBXContainerItemProxy;
			containerPortal = 7207F2381E6EB08800418ED0 /* Project object */;
			proxyType = 1;
			remoteGlobalIDString = 7207F23F1E6EB08800418ED0;
			remoteInfo = QuizNWalk;
		};
/* End PBXContainerItemProxy section */

/* Begin PBXFileReference section */
		07D15CD1495470CAE1D766AB /* Pods_QuizNWalkTests.framework */ = {isa = PBXFileReference; explicitFileType = wrapper.framework; includeInIndex = 0; path = Pods_QuizNWalkTests.framework; sourceTree = BUILT_PRODUCTS_DIR; };
		3504D3B41FC5EDCE005BE683 /* Profile.swift */ = {isa = PBXFileReference; fileEncoding = 4; lastKnownFileType = sourcecode.swift; path = Profile.swift; sourceTree = "<group>"; };
		352D63B01FDC0B40005B8ED4 /* Authenticate.swift */ = {isa = PBXFileReference; lastKnownFileType = sourcecode.swift; path = Authenticate.swift; sourceTree = "<group>"; };
		352D63B21FDC1819005B8ED4 /* LaunchScreen.storyboard */ = {isa = PBXFileReference; fileEncoding = 4; lastKnownFileType = file.storyboard; path = LaunchScreen.storyboard; sourceTree = "<group>"; };
		352D63B31FDC181A005B8ED4 /* Login.storyboard */ = {isa = PBXFileReference; fileEncoding = 4; lastKnownFileType = file.storyboard; path = Login.storyboard; sourceTree = "<group>"; };
		352D63B41FDC181A005B8ED4 /* Main.storyboard */ = {isa = PBXFileReference; fileEncoding = 4; lastKnownFileType = file.storyboard; path = Main.storyboard; sourceTree = "<group>"; };
		352D63BC1FDC1D1A005B8ED4 /* LoginViewController.swift */ = {isa = PBXFileReference; lastKnownFileType = sourcecode.swift; path = LoginViewController.swift; sourceTree = "<group>"; };
		358271741FC7255100C313B1 /* Helpers.swift */ = {isa = PBXFileReference; lastKnownFileType = sourcecode.swift; path = Helpers.swift; sourceTree = "<group>"; };
		359DB7CA1FC85E5800E57DC1 /* ProfileViewController.swift */ = {isa = PBXFileReference; lastKnownFileType = sourcecode.swift; path = ProfileViewController.swift; sourceTree = "<group>"; };
		35CCC41F1FD6A13F00A42295 /* GoogleService-Info.plist */ = {isa = PBXFileReference; fileEncoding = 4; lastKnownFileType = text.plist.xml; name = "GoogleService-Info.plist"; path = "QuizNWalk/GoogleService-Info.plist"; sourceTree = SOURCE_ROOT; };
		43DD82A4BB57978A77FED851 /* Pods_QuizNWalkUITests.framework */ = {isa = PBXFileReference; explicitFileType = wrapper.framework; includeInIndex = 0; path = Pods_QuizNWalkUITests.framework; sourceTree = BUILT_PRODUCTS_DIR; };
		492C29BDDD7592418A141E88 /* Pods-QuizNWalk.release.xcconfig */ = {isa = PBXFileReference; includeInIndex = 1; lastKnownFileType = text.xcconfig; name = "Pods-QuizNWalk.release.xcconfig"; path = "Pods/Target Support Files/Pods-QuizNWalk/Pods-QuizNWalk.release.xcconfig"; sourceTree = "<group>"; };
		708E6F4B03C2287A9853DFE8 /* Pods-QuizNWalk.debug.xcconfig */ = {isa = PBXFileReference; includeInIndex = 1; lastKnownFileType = text.xcconfig; name = "Pods-QuizNWalk.debug.xcconfig"; path = "Pods/Target Support Files/Pods-QuizNWalk/Pods-QuizNWalk.debug.xcconfig"; sourceTree = "<group>"; };
		7207F2401E6EB08800418ED0 /* QuizNWalk.app */ = {isa = PBXFileReference; explicitFileType = wrapper.application; includeInIndex = 0; path = QuizNWalk.app; sourceTree = BUILT_PRODUCTS_DIR; };
		7207F2431E6EB08800418ED0 /* AppDelegate.swift */ = {isa = PBXFileReference; lastKnownFileType = sourcecode.swift; path = AppDelegate.swift; sourceTree = "<group>"; };
		7207F24A1E6EB08800418ED0 /* Assets.xcassets */ = {isa = PBXFileReference; lastKnownFileType = folder.assetcatalog; path = Assets.xcassets; sourceTree = "<group>"; };
		7207F24F1E6EB08800418ED0 /* Info.plist */ = {isa = PBXFileReference; lastKnownFileType = text.plist.xml; path = Info.plist; sourceTree = "<group>"; };
		7207F2541E6EB08800418ED0 /* QuizNWalkTests.xctest */ = {isa = PBXFileReference; explicitFileType = wrapper.cfbundle; includeInIndex = 0; path = QuizNWalkTests.xctest; sourceTree = BUILT_PRODUCTS_DIR; };
		7207F2581E6EB08800418ED0 /* QuizNWalkTests.swift */ = {isa = PBXFileReference; lastKnownFileType = sourcecode.swift; path = QuizNWalkTests.swift; sourceTree = "<group>"; };
		7207F25A1E6EB08800418ED0 /* Info.plist */ = {isa = PBXFileReference; lastKnownFileType = text.plist.xml; path = Info.plist; sourceTree = "<group>"; };
		7207F25F1E6EB08800418ED0 /* QuizNWalkUITests.xctest */ = {isa = PBXFileReference; explicitFileType = wrapper.cfbundle; includeInIndex = 0; path = QuizNWalkUITests.xctest; sourceTree = BUILT_PRODUCTS_DIR; };
		7207F2631E6EB08800418ED0 /* QuizNWalkUITests.swift */ = {isa = PBXFileReference; lastKnownFileType = sourcecode.swift; path = QuizNWalkUITests.swift; sourceTree = "<group>"; };
		7207F2651E6EB08800418ED0 /* Info.plist */ = {isa = PBXFileReference; lastKnownFileType = text.plist.xml; path = Info.plist; sourceTree = "<group>"; };
		7207F2711E6ED71D00418ED0 /* MenuViewController.swift */ = {isa = PBXFileReference; fileEncoding = 4; lastKnownFileType = sourcecode.swift; path = MenuViewController.swift; sourceTree = "<group>"; };
		7207F2731E6ED7D700418ED0 /* GameViewController.swift */ = {isa = PBXFileReference; fileEncoding = 4; lastKnownFileType = sourcecode.swift; path = GameViewController.swift; sourceTree = "<group>"; };
		7207F2771E6EE28C00418ED0 /* AboutViewController.swift */ = {isa = PBXFileReference; fileEncoding = 4; lastKnownFileType = sourcecode.swift; path = AboutViewController.swift; sourceTree = "<group>"; };
		72128FF81E744F8F00AA8720 /* SetupGameViewController.swift */ = {isa = PBXFileReference; fileEncoding = 4; lastKnownFileType = sourcecode.swift; path = SetupGameViewController.swift; sourceTree = "<group>"; };
		72336FF41E7C52DA003A9EFD /* EndGameViewController.swift */ = {isa = PBXFileReference; fileEncoding = 4; lastKnownFileType = sourcecode.swift; path = EndGameViewController.swift; sourceTree = "<group>"; };
		72FC36521E76C7250057D6AA /* GameGetter.swift */ = {isa = PBXFileReference; fileEncoding = 4; lastKnownFileType = sourcecode.swift; path = GameGetter.swift; sourceTree = "<group>"; };
		72FEAEAC1E6F3A56008C379E /* GameModel.swift */ = {isa = PBXFileReference; fileEncoding = 4; lastKnownFileType = sourcecode.swift; path = GameModel.swift; sourceTree = "<group>"; };
		72FEAEAE1E6F3B01008C379E /* QuestionModel.swift */ = {isa = PBXFileReference; fileEncoding = 4; lastKnownFileType = sourcecode.swift; path = QuestionModel.swift; sourceTree = "<group>"; };
		72FFE9F01E75E297001DF08B /* MapKit.framework */ = {isa = PBXFileReference; lastKnownFileType = wrapper.framework; name = MapKit.framework; path = System/Library/Frameworks/MapKit.framework; sourceTree = SDKROOT; };
		8A30A06A26DFD686CC25D347 /* Pods_QuizNWalk.framework */ = {isa = PBXFileReference; explicitFileType = wrapper.framework; includeInIndex = 0; path = Pods_QuizNWalk.framework; sourceTree = BUILT_PRODUCTS_DIR; };
		B80A9FEB833BA9AFFC88E770 /* Pods-QuizNWalkUITests.debug.xcconfig */ = {isa = PBXFileReference; includeInIndex = 1; lastKnownFileType = text.xcconfig; name = "Pods-QuizNWalkUITests.debug.xcconfig"; path = "Pods/Target Support Files/Pods-QuizNWalkUITests/Pods-QuizNWalkUITests.debug.xcconfig"; sourceTree = "<group>"; };
		BF741FC6AAC8D8B145970E09 /* Pods-QuizNWalkUITests.release.xcconfig */ = {isa = PBXFileReference; includeInIndex = 1; lastKnownFileType = text.xcconfig; name = "Pods-QuizNWalkUITests.release.xcconfig"; path = "Pods/Target Support Files/Pods-QuizNWalkUITests/Pods-QuizNWalkUITests.release.xcconfig"; sourceTree = "<group>"; };
		C87BC5CCB5362B7523E8DF34 /* Pods-QuizNWalkTests.release.xcconfig */ = {isa = PBXFileReference; includeInIndex = 1; lastKnownFileType = text.xcconfig; name = "Pods-QuizNWalkTests.release.xcconfig"; path = "Pods/Target Support Files/Pods-QuizNWalkTests/Pods-QuizNWalkTests.release.xcconfig"; sourceTree = "<group>"; };
		EF794269C90D2025E6DB5C09 /* Pods-QuizNWalkTests.debug.xcconfig */ = {isa = PBXFileReference; includeInIndex = 1; lastKnownFileType = text.xcconfig; name = "Pods-QuizNWalkTests.debug.xcconfig"; path = "Pods/Target Support Files/Pods-QuizNWalkTests/Pods-QuizNWalkTests.debug.xcconfig"; sourceTree = "<group>"; };
/* End PBXFileReference section */

/* Begin PBXFrameworksBuildPhase section */
		7207F23D1E6EB08800418ED0 /* Frameworks */ = {
			isa = PBXFrameworksBuildPhase;
			buildActionMask = 2147483647;
			files = (
				72FFE9F11E75E297001DF08B /* MapKit.framework in Frameworks */,
				58421428837B27FDC75B0291 /* Pods_QuizNWalk.framework in Frameworks */,
			);
			runOnlyForDeploymentPostprocessing = 0;
		};
		7207F2511E6EB08800418ED0 /* Frameworks */ = {
			isa = PBXFrameworksBuildPhase;
			buildActionMask = 2147483647;
			files = (
				82A3BECACD5A803E05565394 /* Pods_QuizNWalkTests.framework in Frameworks */,
			);
			runOnlyForDeploymentPostprocessing = 0;
		};
		7207F25C1E6EB08800418ED0 /* Frameworks */ = {
			isa = PBXFrameworksBuildPhase;
			buildActionMask = 2147483647;
			files = (
				8A90734C04CF2564CC41A65D /* Pods_QuizNWalkUITests.framework in Frameworks */,
			);
			runOnlyForDeploymentPostprocessing = 0;
		};
/* End PBXFrameworksBuildPhase section */

/* Begin PBXGroup section */
		352D63B91FDC1C41005B8ED4 /* ViewControllers */ = {
			isa = PBXGroup;
			children = (
				7207F2711E6ED71D00418ED0 /* MenuViewController.swift */,
				7207F2731E6ED7D700418ED0 /* GameViewController.swift */,
				359DB7CA1FC85E5800E57DC1 /* ProfileViewController.swift */,
				7207F2771E6EE28C00418ED0 /* AboutViewController.swift */,
				72128FF81E744F8F00AA8720 /* SetupGameViewController.swift */,
				72336FF41E7C52DA003A9EFD /* EndGameViewController.swift */,
				352D63BC1FDC1D1A005B8ED4 /* LoginViewController.swift */,
			);
			path = ViewControllers;
			sourceTree = "<group>";
		};
		352D63BA1FDC1CA6005B8ED4 /* Storyboards */ = {
			isa = PBXGroup;
			children = (
				352D63B21FDC1819005B8ED4 /* LaunchScreen.storyboard */,
				352D63B31FDC181A005B8ED4 /* Login.storyboard */,
				352D63B41FDC181A005B8ED4 /* Main.storyboard */,
			);
			name = Storyboards;
			path = "New Group";
			sourceTree = "<group>";
		};
		352D63BB1FDC1CEE005B8ED4 /* Models */ = {
			isa = PBXGroup;
			children = (
				72FEAEAC1E6F3A56008C379E /* GameModel.swift */,
				72FEAEAE1E6F3B01008C379E /* QuestionModel.swift */,
			);
			path = Models;
			sourceTree = "<group>";
		};
		7207F2371E6EB08800418ED0 = {
			isa = PBXGroup;
			children = (
				7207F2421E6EB08800418ED0 /* QuizNWalk */,
				7207F2571E6EB08800418ED0 /* QuizNWalkTests */,
				7207F2621E6EB08800418ED0 /* QuizNWalkUITests */,
				7207F2411E6EB08800418ED0 /* Products */,
				72FFE9EF1E75E297001DF08B /* Frameworks */,
				FDA182F1D75FD32B232E1B27 /* Pods */,
			);
			sourceTree = "<group>";
		};
		7207F2411E6EB08800418ED0 /* Products */ = {
			isa = PBXGroup;
			children = (
				7207F2401E6EB08800418ED0 /* QuizNWalk.app */,
				7207F2541E6EB08800418ED0 /* QuizNWalkTests.xctest */,
				7207F25F1E6EB08800418ED0 /* QuizNWalkUITests.xctest */,
			);
			name = Products;
			sourceTree = "<group>";
		};
		7207F2421E6EB08800418ED0 /* QuizNWalk */ = {
			isa = PBXGroup;
			children = (
				7207F2431E6EB08800418ED0 /* AppDelegate.swift */,
				7207F24A1E6EB08800418ED0 /* Assets.xcassets */,
				7207F24F1E6EB08800418ED0 /* Info.plist */,
				352D63BA1FDC1CA6005B8ED4 /* Storyboards */,
				352D63B91FDC1C41005B8ED4 /* ViewControllers */,
				352D63BB1FDC1CEE005B8ED4 /* Models */,
				72FC36521E76C7250057D6AA /* GameGetter.swift */,
				3504D3B41FC5EDCE005BE683 /* Profile.swift */,
				358271741FC7255100C313B1 /* Helpers.swift */,
				35CCC41F1FD6A13F00A42295 /* GoogleService-Info.plist */,
				352D63B01FDC0B40005B8ED4 /* Authenticate.swift */,
			);
			path = QuizNWalk;
			sourceTree = "<group>";
		};
		7207F2571E6EB08800418ED0 /* QuizNWalkTests */ = {
			isa = PBXGroup;
			children = (
				7207F2581E6EB08800418ED0 /* QuizNWalkTests.swift */,
				7207F25A1E6EB08800418ED0 /* Info.plist */,
			);
			path = QuizNWalkTests;
			sourceTree = "<group>";
		};
		7207F2621E6EB08800418ED0 /* QuizNWalkUITests */ = {
			isa = PBXGroup;
			children = (
				7207F2631E6EB08800418ED0 /* QuizNWalkUITests.swift */,
				7207F2651E6EB08800418ED0 /* Info.plist */,
			);
			path = QuizNWalkUITests;
			sourceTree = "<group>";
		};
		72FFE9EF1E75E297001DF08B /* Frameworks */ = {
			isa = PBXGroup;
			children = (
				72FFE9F01E75E297001DF08B /* MapKit.framework */,
				8A30A06A26DFD686CC25D347 /* Pods_QuizNWalk.framework */,
				07D15CD1495470CAE1D766AB /* Pods_QuizNWalkTests.framework */,
				43DD82A4BB57978A77FED851 /* Pods_QuizNWalkUITests.framework */,
			);
			name = Frameworks;
			sourceTree = "<group>";
		};
		FDA182F1D75FD32B232E1B27 /* Pods */ = {
			isa = PBXGroup;
			children = (
				708E6F4B03C2287A9853DFE8 /* Pods-QuizNWalk.debug.xcconfig */,
				492C29BDDD7592418A141E88 /* Pods-QuizNWalk.release.xcconfig */,
				EF794269C90D2025E6DB5C09 /* Pods-QuizNWalkTests.debug.xcconfig */,
				C87BC5CCB5362B7523E8DF34 /* Pods-QuizNWalkTests.release.xcconfig */,
				B80A9FEB833BA9AFFC88E770 /* Pods-QuizNWalkUITests.debug.xcconfig */,
				BF741FC6AAC8D8B145970E09 /* Pods-QuizNWalkUITests.release.xcconfig */,
			);
			name = Pods;
			sourceTree = "<group>";
		};
/* End PBXGroup section */

/* Begin PBXNativeTarget section */
		7207F23F1E6EB08800418ED0 /* QuizNWalk */ = {
			isa = PBXNativeTarget;
			buildConfigurationList = 7207F2681E6EB08800418ED0 /* Build configuration list for PBXNativeTarget "QuizNWalk" */;
			buildPhases = (
				57B11D7F27ECC39423A93116 /* [CP] Check Pods Manifest.lock */,
				7207F23C1E6EB08800418ED0 /* Sources */,
				7207F23D1E6EB08800418ED0 /* Frameworks */,
				7207F23E1E6EB08800418ED0 /* Resources */,
				B04B68874BE1BE90455DAF21 /* [CP] Embed Pods Frameworks */,
				FD2D0B6AB51F01E612095B68 /* [CP] Copy Pods Resources */,
			);
			buildRules = (
			);
			dependencies = (
			);
			name = QuizNWalk;
			productName = QuizNWalk;
			productReference = 7207F2401E6EB08800418ED0 /* QuizNWalk.app */;
			productType = "com.apple.product-type.application";
		};
		7207F2531E6EB08800418ED0 /* QuizNWalkTests */ = {
			isa = PBXNativeTarget;
			buildConfigurationList = 7207F26B1E6EB08800418ED0 /* Build configuration list for PBXNativeTarget "QuizNWalkTests" */;
			buildPhases = (
				CF5C6692EE973E962CEA606E /* [CP] Check Pods Manifest.lock */,
				7207F2501E6EB08800418ED0 /* Sources */,
				7207F2511E6EB08800418ED0 /* Frameworks */,
				7207F2521E6EB08800418ED0 /* Resources */,
				E318D6328B4CC149FE4CAAB6 /* [CP] Embed Pods Frameworks */,
				450B6F72125C31FAB6AD6AC1 /* [CP] Copy Pods Resources */,
			);
			buildRules = (
			);
			dependencies = (
				7207F2561E6EB08800418ED0 /* PBXTargetDependency */,
			);
			name = QuizNWalkTests;
			productName = QuizNWalkTests;
			productReference = 7207F2541E6EB08800418ED0 /* QuizNWalkTests.xctest */;
			productType = "com.apple.product-type.bundle.unit-test";
		};
		7207F25E1E6EB08800418ED0 /* QuizNWalkUITests */ = {
			isa = PBXNativeTarget;
			buildConfigurationList = 7207F26E1E6EB08800418ED0 /* Build configuration list for PBXNativeTarget "QuizNWalkUITests" */;
			buildPhases = (
				5311FBDC63962F89B77CA052 /* [CP] Check Pods Manifest.lock */,
				7207F25B1E6EB08800418ED0 /* Sources */,
				7207F25C1E6EB08800418ED0 /* Frameworks */,
				7207F25D1E6EB08800418ED0 /* Resources */,
				97D0AA55E653147838708271 /* [CP] Embed Pods Frameworks */,
				678D9BB840E85454671DFCA0 /* [CP] Copy Pods Resources */,
			);
			buildRules = (
			);
			dependencies = (
				7207F2611E6EB08800418ED0 /* PBXTargetDependency */,
			);
			name = QuizNWalkUITests;
			productName = QuizNWalkUITests;
			productReference = 7207F25F1E6EB08800418ED0 /* QuizNWalkUITests.xctest */;
			productType = "com.apple.product-type.bundle.ui-testing";
		};
/* End PBXNativeTarget section */

/* Begin PBXProject section */
		7207F2381E6EB08800418ED0 /* Project object */ = {
			isa = PBXProject;
			attributes = {
				LastSwiftUpdateCheck = 0820;
				LastUpgradeCheck = 0910;
				ORGANIZATIONNAME = "Fredrik Börjesson";
				TargetAttributes = {
					7207F23F1E6EB08800418ED0 = {
						CreatedOnToolsVersion = 8.2.1;
						LastSwiftMigration = 0910;
						ProvisioningStyle = Automatic;
						SystemCapabilities = {
							com.apple.Maps.iOS = {
								enabled = 1;
							};
						};
					};
					7207F2531E6EB08800418ED0 = {
						CreatedOnToolsVersion = 8.2.1;
						LastSwiftMigration = 0910;
						ProvisioningStyle = Automatic;
						TestTargetID = 7207F23F1E6EB08800418ED0;
					};
					7207F25E1E6EB08800418ED0 = {
						CreatedOnToolsVersion = 8.2.1;
						LastSwiftMigration = 0910;
						ProvisioningStyle = Automatic;
						TestTargetID = 7207F23F1E6EB08800418ED0;
					};
				};
			};
			buildConfigurationList = 7207F23B1E6EB08800418ED0 /* Build configuration list for PBXProject "QuizNWalk" */;
			compatibilityVersion = "Xcode 3.2";
			developmentRegion = English;
			hasScannedForEncodings = 0;
			knownRegions = (
				en,
				Base,
			);
			mainGroup = 7207F2371E6EB08800418ED0;
			productRefGroup = 7207F2411E6EB08800418ED0 /* Products */;
			projectDirPath = "";
			projectRoot = "";
			targets = (
				7207F23F1E6EB08800418ED0 /* QuizNWalk */,
				7207F2531E6EB08800418ED0 /* QuizNWalkTests */,
				7207F25E1E6EB08800418ED0 /* QuizNWalkUITests */,
			);
		};
/* End PBXProject section */

/* Begin PBXResourcesBuildPhase section */
		7207F23E1E6EB08800418ED0 /* Resources */ = {
			isa = PBXResourcesBuildPhase;
			buildActionMask = 2147483647;
			files = (
				352D63B61FDC181A005B8ED4 /* Login.storyboard in Resources */,
				352D63B71FDC181A005B8ED4 /* Main.storyboard in Resources */,
				352D63B51FDC181A005B8ED4 /* LaunchScreen.storyboard in Resources */,
				35CCC4201FD6A13F00A42295 /* GoogleService-Info.plist in Resources */,
				7207F24B1E6EB08800418ED0 /* Assets.xcassets in Resources */,
			);
			runOnlyForDeploymentPostprocessing = 0;
		};
		7207F2521E6EB08800418ED0 /* Resources */ = {
			isa = PBXResourcesBuildPhase;
			buildActionMask = 2147483647;
			files = (
			);
			runOnlyForDeploymentPostprocessing = 0;
		};
		7207F25D1E6EB08800418ED0 /* Resources */ = {
			isa = PBXResourcesBuildPhase;
			buildActionMask = 2147483647;
			files = (
			);
			runOnlyForDeploymentPostprocessing = 0;
		};
/* End PBXResourcesBuildPhase section */

/* Begin PBXShellScriptBuildPhase section */
		450B6F72125C31FAB6AD6AC1 /* [CP] Copy Pods Resources */ = {
			isa = PBXShellScriptBuildPhase;
			buildActionMask = 2147483647;
			files = (
			);
			inputPaths = (
			);
			name = "[CP] Copy Pods Resources";
			outputPaths = (
			);
			runOnlyForDeploymentPostprocessing = 0;
			shellPath = /bin/sh;
			shellScript = "\"${SRCROOT}/Pods/Target Support Files/Pods-QuizNWalkTests/Pods-QuizNWalkTests-resources.sh\"\n";
			showEnvVarsInLog = 0;
		};
		5311FBDC63962F89B77CA052 /* [CP] Check Pods Manifest.lock */ = {
			isa = PBXShellScriptBuildPhase;
			buildActionMask = 2147483647;
			files = (
			);
			inputPaths = (
				"${PODS_PODFILE_DIR_PATH}/Podfile.lock",
				"${PODS_ROOT}/Manifest.lock",
			);
			name = "[CP] Check Pods Manifest.lock";
			outputPaths = (
				"$(DERIVED_FILE_DIR)/Pods-QuizNWalkUITests-checkManifestLockResult.txt",
			);
			runOnlyForDeploymentPostprocessing = 0;
			shellPath = /bin/sh;
			shellScript = "diff \"${PODS_PODFILE_DIR_PATH}/Podfile.lock\" \"${PODS_ROOT}/Manifest.lock\" > /dev/null\nif [ $? != 0 ] ; then\n    # print error to STDERR\n    echo \"error: The sandbox is not in sync with the Podfile.lock. Run 'pod install' or update your CocoaPods installation.\" >&2\n    exit 1\nfi\n# This output is used by Xcode 'outputs' to avoid re-running this script phase.\necho \"SUCCESS\" > \"${SCRIPT_OUTPUT_FILE_0}\"\n";
			showEnvVarsInLog = 0;
		};
		57B11D7F27ECC39423A93116 /* [CP] Check Pods Manifest.lock */ = {
			isa = PBXShellScriptBuildPhase;
			buildActionMask = 2147483647;
			files = (
			);
			inputPaths = (
				"${PODS_PODFILE_DIR_PATH}/Podfile.lock",
				"${PODS_ROOT}/Manifest.lock",
			);
			name = "[CP] Check Pods Manifest.lock";
			outputPaths = (
				"$(DERIVED_FILE_DIR)/Pods-QuizNWalk-checkManifestLockResult.txt",
			);
			runOnlyForDeploymentPostprocessing = 0;
			shellPath = /bin/sh;
			shellScript = "diff \"${PODS_PODFILE_DIR_PATH}/Podfile.lock\" \"${PODS_ROOT}/Manifest.lock\" > /dev/null\nif [ $? != 0 ] ; then\n    # print error to STDERR\n    echo \"error: The sandbox is not in sync with the Podfile.lock. Run 'pod install' or update your CocoaPods installation.\" >&2\n    exit 1\nfi\n# This output is used by Xcode 'outputs' to avoid re-running this script phase.\necho \"SUCCESS\" > \"${SCRIPT_OUTPUT_FILE_0}\"\n";
			showEnvVarsInLog = 0;
		};
		678D9BB840E85454671DFCA0 /* [CP] Copy Pods Resources */ = {
			isa = PBXShellScriptBuildPhase;
			buildActionMask = 2147483647;
			files = (
			);
			inputPaths = (
			);
			name = "[CP] Copy Pods Resources";
			outputPaths = (
			);
			runOnlyForDeploymentPostprocessing = 0;
			shellPath = /bin/sh;
			shellScript = "\"${SRCROOT}/Pods/Target Support Files/Pods-QuizNWalkUITests/Pods-QuizNWalkUITests-resources.sh\"\n";
			showEnvVarsInLog = 0;
		};
		97D0AA55E653147838708271 /* [CP] Embed Pods Frameworks */ = {
			isa = PBXShellScriptBuildPhase;
			buildActionMask = 2147483647;
			files = (
			);
			inputPaths = (
			);
			name = "[CP] Embed Pods Frameworks";
			outputPaths = (
			);
			runOnlyForDeploymentPostprocessing = 0;
			shellPath = /bin/sh;
			shellScript = "\"${SRCROOT}/Pods/Target Support Files/Pods-QuizNWalkUITests/Pods-QuizNWalkUITests-frameworks.sh\"\n";
			showEnvVarsInLog = 0;
		};
		B04B68874BE1BE90455DAF21 /* [CP] Embed Pods Frameworks */ = {
			isa = PBXShellScriptBuildPhase;
			buildActionMask = 2147483647;
			files = (
			);
			inputPaths = (
				"${SRCROOT}/Pods/Target Support Files/Pods-QuizNWalk/Pods-QuizNWalk-frameworks.sh",
				"${BUILT_PRODUCTS_DIR}/BoringSSL/openssl.framework",
				"${BUILT_PRODUCTS_DIR}/GTMSessionFetcher/GTMSessionFetcher.framework",
				"${BUILT_PRODUCTS_DIR}/GoogleToolboxForMac/GoogleToolboxForMac.framework",
				"${BUILT_PRODUCTS_DIR}/Protobuf/Protobuf.framework",
				"${BUILT_PRODUCTS_DIR}/gRPC/GRPCClient.framework",
				"${BUILT_PRODUCTS_DIR}/gRPC-Core/grpc.framework",
				"${BUILT_PRODUCTS_DIR}/gRPC-ProtoRPC/ProtoRPC.framework",
				"${BUILT_PRODUCTS_DIR}/gRPC-RxLibrary/RxLibrary.framework",
				"${BUILT_PRODUCTS_DIR}/leveldb-library/leveldb.framework",
				"${BUILT_PRODUCTS_DIR}/nanopb/nanopb.framework",
			);
			name = "[CP] Embed Pods Frameworks";
			outputPaths = (
				"${TARGET_BUILD_DIR}/${FRAMEWORKS_FOLDER_PATH}/openssl.framework",
				"${TARGET_BUILD_DIR}/${FRAMEWORKS_FOLDER_PATH}/GTMSessionFetcher.framework",
				"${TARGET_BUILD_DIR}/${FRAMEWORKS_FOLDER_PATH}/GoogleToolboxForMac.framework",
				"${TARGET_BUILD_DIR}/${FRAMEWORKS_FOLDER_PATH}/Protobuf.framework",
				"${TARGET_BUILD_DIR}/${FRAMEWORKS_FOLDER_PATH}/GRPCClient.framework",
				"${TARGET_BUILD_DIR}/${FRAMEWORKS_FOLDER_PATH}/grpc.framework",
				"${TARGET_BUILD_DIR}/${FRAMEWORKS_FOLDER_PATH}/ProtoRPC.framework",
				"${TARGET_BUILD_DIR}/${FRAMEWORKS_FOLDER_PATH}/RxLibrary.framework",
				"${TARGET_BUILD_DIR}/${FRAMEWORKS_FOLDER_PATH}/leveldb.framework",
				"${TARGET_BUILD_DIR}/${FRAMEWORKS_FOLDER_PATH}/nanopb.framework",
			);
			runOnlyForDeploymentPostprocessing = 0;
			shellPath = /bin/sh;
			shellScript = "\"${SRCROOT}/Pods/Target Support Files/Pods-QuizNWalk/Pods-QuizNWalk-frameworks.sh\"\n";
			showEnvVarsInLog = 0;
		};
		CF5C6692EE973E962CEA606E /* [CP] Check Pods Manifest.lock */ = {
			isa = PBXShellScriptBuildPhase;
			buildActionMask = 2147483647;
			files = (
			);
			inputPaths = (
				"${PODS_PODFILE_DIR_PATH}/Podfile.lock",
				"${PODS_ROOT}/Manifest.lock",
			);
			name = "[CP] Check Pods Manifest.lock";
			outputPaths = (
				"$(DERIVED_FILE_DIR)/Pods-QuizNWalkTests-checkManifestLockResult.txt",
			);
			runOnlyForDeploymentPostprocessing = 0;
			shellPath = /bin/sh;
			shellScript = "diff \"${PODS_PODFILE_DIR_PATH}/Podfile.lock\" \"${PODS_ROOT}/Manifest.lock\" > /dev/null\nif [ $? != 0 ] ; then\n    # print error to STDERR\n    echo \"error: The sandbox is not in sync with the Podfile.lock. Run 'pod install' or update your CocoaPods installation.\" >&2\n    exit 1\nfi\n# This output is used by Xcode 'outputs' to avoid re-running this script phase.\necho \"SUCCESS\" > \"${SCRIPT_OUTPUT_FILE_0}\"\n";
			showEnvVarsInLog = 0;
		};
		E318D6328B4CC149FE4CAAB6 /* [CP] Embed Pods Frameworks */ = {
			isa = PBXShellScriptBuildPhase;
			buildActionMask = 2147483647;
			files = (
			);
			inputPaths = (
			);
			name = "[CP] Embed Pods Frameworks";
			outputPaths = (
			);
			runOnlyForDeploymentPostprocessing = 0;
			shellPath = /bin/sh;
			shellScript = "\"${SRCROOT}/Pods/Target Support Files/Pods-QuizNWalkTests/Pods-QuizNWalkTests-frameworks.sh\"\n";
			showEnvVarsInLog = 0;
		};
		FD2D0B6AB51F01E612095B68 /* [CP] Copy Pods Resources */ = {
			isa = PBXShellScriptBuildPhase;
			buildActionMask = 2147483647;
			files = (
			);
			inputPaths = (
				"${SRCROOT}/Pods/Target Support Files/Pods-QuizNWalk/Pods-QuizNWalk-resources.sh",
				$PODS_CONFIGURATION_BUILD_DIR/FirebaseUI/FirebaseAuthUI.bundle,
			);
			name = "[CP] Copy Pods Resources";
			outputPaths = (
				"${TARGET_BUILD_DIR}/${UNLOCALIZED_RESOURCES_FOLDER_PATH}",
			);
			runOnlyForDeploymentPostprocessing = 0;
			shellPath = /bin/sh;
			shellScript = "\"${SRCROOT}/Pods/Target Support Files/Pods-QuizNWalk/Pods-QuizNWalk-resources.sh\"\n";
			showEnvVarsInLog = 0;
		};
/* End PBXShellScriptBuildPhase section */

/* Begin PBXSourcesBuildPhase section */
		7207F23C1E6EB08800418ED0 /* Sources */ = {
			isa = PBXSourcesBuildPhase;
			buildActionMask = 2147483647;
			files = (
				352D63BD1FDC1D1A005B8ED4 /* LoginViewController.swift in Sources */,
				7207F2441E6EB08800418ED0 /* AppDelegate.swift in Sources */,
				3504D3B51FC5EDCE005BE683 /* Profile.swift in Sources */,
				72FEAEAF1E6F3B01008C379E /* QuestionModel.swift in Sources */,
				72336FF51E7C52DA003A9EFD /* EndGameViewController.swift in Sources */,
				358271751FC7255100C313B1 /* Helpers.swift in Sources */,
				72128FF91E744F8F00AA8720 /* SetupGameViewController.swift in Sources */,
				359DB7CB1FC85E5800E57DC1 /* ProfileViewController.swift in Sources */,
				72FC36531E76C7250057D6AA /* GameGetter.swift in Sources */,
				7207F2741E6ED7D700418ED0 /* GameViewController.swift in Sources */,
				352D63B11FDC0B40005B8ED4 /* Authenticate.swift in Sources */,
				7207F2721E6ED71D00418ED0 /* MenuViewController.swift in Sources */,
				7207F2781E6EE28C00418ED0 /* AboutViewController.swift in Sources */,
				72FEAEAD1E6F3A56008C379E /* GameModel.swift in Sources */,
			);
			runOnlyForDeploymentPostprocessing = 0;
		};
		7207F2501E6EB08800418ED0 /* Sources */ = {
			isa = PBXSourcesBuildPhase;
			buildActionMask = 2147483647;
			files = (
				352D63BE1FDC1F3D005B8ED4 /* LoginViewController.swift in Sources */,
				7207F2591E6EB08800418ED0 /* QuizNWalkTests.swift in Sources */,
			);
			runOnlyForDeploymentPostprocessing = 0;
		};
		7207F25B1E6EB08800418ED0 /* Sources */ = {
			isa = PBXSourcesBuildPhase;
			buildActionMask = 2147483647;
			files = (
				352D63BF1FDC1F3D005B8ED4 /* LoginViewController.swift in Sources */,
				7207F2641E6EB08800418ED0 /* QuizNWalkUITests.swift in Sources */,
			);
			runOnlyForDeploymentPostprocessing = 0;
		};
/* End PBXSourcesBuildPhase section */

/* Begin PBXTargetDependency section */
		7207F2561E6EB08800418ED0 /* PBXTargetDependency */ = {
			isa = PBXTargetDependency;
			target = 7207F23F1E6EB08800418ED0 /* QuizNWalk */;
			targetProxy = 7207F2551E6EB08800418ED0 /* PBXContainerItemProxy */;
		};
		7207F2611E6EB08800418ED0 /* PBXTargetDependency */ = {
			isa = PBXTargetDependency;
			target = 7207F23F1E6EB08800418ED0 /* QuizNWalk */;
			targetProxy = 7207F2601E6EB08800418ED0 /* PBXContainerItemProxy */;
		};
/* End PBXTargetDependency section */

/* Begin XCBuildConfiguration section */
		7207F2661E6EB08800418ED0 /* Debug */ = {
			isa = XCBuildConfiguration;
			buildSettings = {
				ALWAYS_SEARCH_USER_PATHS = NO;
				CLANG_ANALYZER_NONNULL = YES;
				CLANG_CXX_LANGUAGE_STANDARD = "gnu++0x";
				CLANG_CXX_LIBRARY = "libc++";
				CLANG_ENABLE_MODULES = YES;
				CLANG_ENABLE_OBJC_ARC = YES;
				CLANG_WARN_BLOCK_CAPTURE_AUTORELEASING = YES;
				CLANG_WARN_BOOL_CONVERSION = YES;
				CLANG_WARN_COMMA = YES;
				CLANG_WARN_CONSTANT_CONVERSION = YES;
				CLANG_WARN_DIRECT_OBJC_ISA_USAGE = YES_ERROR;
				CLANG_WARN_DOCUMENTATION_COMMENTS = YES;
				CLANG_WARN_EMPTY_BODY = YES;
				CLANG_WARN_ENUM_CONVERSION = YES;
				CLANG_WARN_INFINITE_RECURSION = YES;
				CLANG_WARN_INT_CONVERSION = YES;
				CLANG_WARN_NON_LITERAL_NULL_CONVERSION = YES;
				CLANG_WARN_OBJC_LITERAL_CONVERSION = YES;
				CLANG_WARN_OBJC_ROOT_CLASS = YES_ERROR;
				CLANG_WARN_RANGE_LOOP_ANALYSIS = YES;
				CLANG_WARN_STRICT_PROTOTYPES = YES;
				CLANG_WARN_SUSPICIOUS_MOVE = YES;
				CLANG_WARN_UNREACHABLE_CODE = YES;
				CLANG_WARN__DUPLICATE_METHOD_MATCH = YES;
				CODE_SIGN_IDENTITY = "iPhone Developer";
				"CODE_SIGN_IDENTITY[sdk=iphoneos*]" = "iPhone Developer";
				CODE_SIGN_STYLE = Automatic;
				COPY_PHASE_STRIP = NO;
				DEBUG_INFORMATION_FORMAT = dwarf;
				ENABLE_STRICT_OBJC_MSGSEND = YES;
				ENABLE_TESTABILITY = YES;
				GCC_C_LANGUAGE_STANDARD = gnu99;
				GCC_DYNAMIC_NO_PIC = NO;
				GCC_NO_COMMON_BLOCKS = YES;
				GCC_OPTIMIZATION_LEVEL = 0;
				GCC_PREPROCESSOR_DEFINITIONS = (
					"DEBUG=1",
					"$(inherited)",
				);
				GCC_WARN_64_TO_32_BIT_CONVERSION = YES;
				GCC_WARN_ABOUT_RETURN_TYPE = YES_ERROR;
				GCC_WARN_UNDECLARED_SELECTOR = YES;
				GCC_WARN_UNINITIALIZED_AUTOS = YES_AGGRESSIVE;
				GCC_WARN_UNUSED_FUNCTION = YES;
				GCC_WARN_UNUSED_VARIABLE = YES;
				IPHONEOS_DEPLOYMENT_TARGET = 10.2;
				MTL_ENABLE_DEBUG_INFO = YES;
				ONLY_ACTIVE_ARCH = YES;
				SDKROOT = iphoneos;
				SWIFT_ACTIVE_COMPILATION_CONDITIONS = DEBUG;
				SWIFT_OPTIMIZATION_LEVEL = "-Onone";
			};
			name = Debug;
		};
		7207F2671E6EB08800418ED0 /* Release */ = {
			isa = XCBuildConfiguration;
			buildSettings = {
				ALWAYS_SEARCH_USER_PATHS = NO;
				CLANG_ANALYZER_NONNULL = YES;
				CLANG_CXX_LANGUAGE_STANDARD = "gnu++0x";
				CLANG_CXX_LIBRARY = "libc++";
				CLANG_ENABLE_MODULES = YES;
				CLANG_ENABLE_OBJC_ARC = YES;
				CLANG_WARN_BLOCK_CAPTURE_AUTORELEASING = YES;
				CLANG_WARN_BOOL_CONVERSION = YES;
				CLANG_WARN_COMMA = YES;
				CLANG_WARN_CONSTANT_CONVERSION = YES;
				CLANG_WARN_DIRECT_OBJC_ISA_USAGE = YES_ERROR;
				CLANG_WARN_DOCUMENTATION_COMMENTS = YES;
				CLANG_WARN_EMPTY_BODY = YES;
				CLANG_WARN_ENUM_CONVERSION = YES;
				CLANG_WARN_INFINITE_RECURSION = YES;
				CLANG_WARN_INT_CONVERSION = YES;
				CLANG_WARN_NON_LITERAL_NULL_CONVERSION = YES;
				CLANG_WARN_OBJC_LITERAL_CONVERSION = YES;
				CLANG_WARN_OBJC_ROOT_CLASS = YES_ERROR;
				CLANG_WARN_RANGE_LOOP_ANALYSIS = YES;
				CLANG_WARN_STRICT_PROTOTYPES = YES;
				CLANG_WARN_SUSPICIOUS_MOVE = YES;
				CLANG_WARN_UNREACHABLE_CODE = YES;
				CLANG_WARN__DUPLICATE_METHOD_MATCH = YES;
				CODE_SIGN_IDENTITY = "iPhone Developer";
				"CODE_SIGN_IDENTITY[sdk=iphoneos*]" = "iPhone Developer";
				CODE_SIGN_STYLE = Automatic;
				COPY_PHASE_STRIP = NO;
				DEBUG_INFORMATION_FORMAT = "dwarf-with-dsym";
				ENABLE_NS_ASSERTIONS = NO;
				ENABLE_STRICT_OBJC_MSGSEND = YES;
				GCC_C_LANGUAGE_STANDARD = gnu99;
				GCC_NO_COMMON_BLOCKS = YES;
				GCC_WARN_64_TO_32_BIT_CONVERSION = YES;
				GCC_WARN_ABOUT_RETURN_TYPE = YES_ERROR;
				GCC_WARN_UNDECLARED_SELECTOR = YES;
				GCC_WARN_UNINITIALIZED_AUTOS = YES_AGGRESSIVE;
				GCC_WARN_UNUSED_FUNCTION = YES;
				GCC_WARN_UNUSED_VARIABLE = YES;
				IPHONEOS_DEPLOYMENT_TARGET = 10.2;
				MTL_ENABLE_DEBUG_INFO = NO;
				SDKROOT = iphoneos;
				SWIFT_OPTIMIZATION_LEVEL = "-Owholemodule";
				VALIDATE_PRODUCT = YES;
			};
			name = Release;
		};
		7207F2691E6EB08800418ED0 /* Debug */ = {
			isa = XCBuildConfiguration;
			baseConfigurationReference = 708E6F4B03C2287A9853DFE8 /* Pods-QuizNWalk.debug.xcconfig */;
			buildSettings = {
				ASSETCATALOG_COMPILER_APPICON_NAME = AppIcon;
				CODE_SIGN_IDENTITY = "iPhone Developer";
				INFOPLIST_FILE = QuizNWalk/Info.plist;
				IPHONEOS_DEPLOYMENT_TARGET = 10.1;
				LD_RUNPATH_SEARCH_PATHS = "$(inherited) @executable_path/Frameworks";
				PRODUCT_BUNDLE_IDENTIFIER = ITHS.QuizNWalk;
				PRODUCT_NAME = "$(TARGET_NAME)";
				SWIFT_SWIFT3_OBJC_INFERENCE = Default;
				SWIFT_VERSION = 4.0;
			};
			name = Debug;
		};
		7207F26A1E6EB08800418ED0 /* Release */ = {
			isa = XCBuildConfiguration;
			baseConfigurationReference = 492C29BDDD7592418A141E88 /* Pods-QuizNWalk.release.xcconfig */;
			buildSettings = {
				ASSETCATALOG_COMPILER_APPICON_NAME = AppIcon;
				CODE_SIGN_IDENTITY = "iPhone Developer";
				INFOPLIST_FILE = QuizNWalk/Info.plist;
				IPHONEOS_DEPLOYMENT_TARGET = 10.1;
				LD_RUNPATH_SEARCH_PATHS = "$(inherited) @executable_path/Frameworks";
				PRODUCT_BUNDLE_IDENTIFIER = ITHS.QuizNWalk;
				PRODUCT_NAME = "$(TARGET_NAME)";
				SWIFT_SWIFT3_OBJC_INFERENCE = Default;
				SWIFT_VERSION = 4.0;
			};
			name = Release;
		};
		7207F26C1E6EB08800418ED0 /* Debug */ = {
			isa = XCBuildConfiguration;
			baseConfigurationReference = EF794269C90D2025E6DB5C09 /* Pods-QuizNWalkTests.debug.xcconfig */;
			buildSettings = {
				ALWAYS_EMBED_SWIFT_STANDARD_LIBRARIES = YES;
				BUNDLE_LOADER = "$(TEST_HOST)";
				INFOPLIST_FILE = QuizNWalkTests/Info.plist;
				LD_RUNPATH_SEARCH_PATHS = "$(inherited) @executable_path/Frameworks @loader_path/Frameworks";
				PRODUCT_BUNDLE_IDENTIFIER = ITHS.QuizNWalkTests;
				PRODUCT_NAME = "$(TARGET_NAME)";
				SWIFT_SWIFT3_OBJC_INFERENCE = Default;
				SWIFT_VERSION = 4.0;
				TEST_HOST = "$(BUILT_PRODUCTS_DIR)/QuizNWalk.app/QuizNWalk";
			};
			name = Debug;
		};
		7207F26D1E6EB08800418ED0 /* Release */ = {
			isa = XCBuildConfiguration;
			baseConfigurationReference = C87BC5CCB5362B7523E8DF34 /* Pods-QuizNWalkTests.release.xcconfig */;
			buildSettings = {
				ALWAYS_EMBED_SWIFT_STANDARD_LIBRARIES = YES;
				BUNDLE_LOADER = "$(TEST_HOST)";
				INFOPLIST_FILE = QuizNWalkTests/Info.plist;
				LD_RUNPATH_SEARCH_PATHS = "$(inherited) @executable_path/Frameworks @loader_path/Frameworks";
				PRODUCT_BUNDLE_IDENTIFIER = ITHS.QuizNWalkTests;
				PRODUCT_NAME = "$(TARGET_NAME)";
				SWIFT_SWIFT3_OBJC_INFERENCE = Default;
				SWIFT_VERSION = 4.0;
				TEST_HOST = "$(BUILT_PRODUCTS_DIR)/QuizNWalk.app/QuizNWalk";
			};
			name = Release;
		};
		7207F26F1E6EB08800418ED0 /* Debug */ = {
			isa = XCBuildConfiguration;
			baseConfigurationReference = B80A9FEB833BA9AFFC88E770 /* Pods-QuizNWalkUITests.debug.xcconfig */;
			buildSettings = {
				ALWAYS_EMBED_SWIFT_STANDARD_LIBRARIES = YES;
				INFOPLIST_FILE = QuizNWalkUITests/Info.plist;
				LD_RUNPATH_SEARCH_PATHS = "$(inherited) @executable_path/Frameworks @loader_path/Frameworks";
				PRODUCT_BUNDLE_IDENTIFIER = ITHS.QuizNWalkUITests;
				PRODUCT_NAME = "$(TARGET_NAME)";
				SWIFT_SWIFT3_OBJC_INFERENCE = Default;
				SWIFT_VERSION = 4.0;
				TEST_TARGET_NAME = QuizNWalk;
			};
			name = Debug;
		};
		7207F2701E6EB08800418ED0 /* Release */ = {
			isa = XCBuildConfiguration;
			baseConfigurationReference = BF741FC6AAC8D8B145970E09 /* Pods-QuizNWalkUITests.release.xcconfig */;
			buildSettings = {
				ALWAYS_EMBED_SWIFT_STANDARD_LIBRARIES = YES;
				INFOPLIST_FILE = QuizNWalkUITests/Info.plist;
				LD_RUNPATH_SEARCH_PATHS = "$(inherited) @executable_path/Frameworks @loader_path/Frameworks";
				PRODUCT_BUNDLE_IDENTIFIER = ITHS.QuizNWalkUITests;
				PRODUCT_NAME = "$(TARGET_NAME)";
				SWIFT_SWIFT3_OBJC_INFERENCE = Default;
				SWIFT_VERSION = 4.0;
				TEST_TARGET_NAME = QuizNWalk;
			};
			name = Release;
		};
/* End XCBuildConfiguration section */

/* Begin XCConfigurationList section */
		7207F23B1E6EB08800418ED0 /* Build configuration list for PBXProject "QuizNWalk" */ = {
			isa = XCConfigurationList;
			buildConfigurations = (
				7207F2661E6EB08800418ED0 /* Debug */,
				7207F2671E6EB08800418ED0 /* Release */,
			);
			defaultConfigurationIsVisible = 0;
			defaultConfigurationName = Release;
		};
		7207F2681E6EB08800418ED0 /* Build configuration list for PBXNativeTarget "QuizNWalk" */ = {
			isa = XCConfigurationList;
			buildConfigurations = (
				7207F2691E6EB08800418ED0 /* Debug */,
				7207F26A1E6EB08800418ED0 /* Release */,
			);
			defaultConfigurationIsVisible = 0;
			defaultConfigurationName = Release;
		};
		7207F26B1E6EB08800418ED0 /* Build configuration list for PBXNativeTarget "QuizNWalkTests" */ = {
			isa = XCConfigurationList;
			buildConfigurations = (
				7207F26C1E6EB08800418ED0 /* Debug */,
				7207F26D1E6EB08800418ED0 /* Release */,
			);
			defaultConfigurationIsVisible = 0;
			defaultConfigurationName = Release;
		};
		7207F26E1E6EB08800418ED0 /* Build configuration list for PBXNativeTarget "QuizNWalkUITests" */ = {
			isa = XCConfigurationList;
			buildConfigurations = (
				7207F26F1E6EB08800418ED0 /* Debug */,
				7207F2701E6EB08800418ED0 /* Release */,
			);
			defaultConfigurationIsVisible = 0;
			defaultConfigurationName = Release;
		};
/* End XCConfigurationList section */
	};
	rootObject = 7207F2381E6EB08800418ED0 /* Project object */;
}
